
Microsoft Visual Studio Solution File, Format Version 12.00
# Visual Studio Version 17
VisualStudioVersion = 17.5.33530.505
MinimumVisualStudioVersion = 10.0.40219.1
Project("{FAE04EC0-301F-11D3-BF4B-00C04F79EFBC}") = "RMall", "RMall\RMall.csproj", "{B022C195-3803-464C-B8A4-E75F707306C2}"
EndProject
Global
	GlobalSection(SolutionConfigurationPlatforms) = preSolution
		Debug|Any CPU = Debug|Any CPU
		Release|Any CPU = Release|Any CPU
	EndGlobalSection
	GlobalSection(ProjectConfigurationPlatforms) = postSolution
		{B022C195-3803-464C-B8A4-E75F707306C2}.Debug|Any CPU.ActiveCfg = Debug|Any CPU
		{B022C195-3803-464C-B8A4-E75F707306C2}.Debug|Any CPU.Build.0 = Debug|Any CPU
		{B022C195-3803-464C-B8A4-E75F707306C2}.Release|Any CPU.ActiveCfg = Release|Any CPU
		{B022C195-3803-464C-B8A4-E75F707306C2}.Release|Any CPU.Build.0 = Release|Any CPU
	EndGlobalSection
	GlobalSection(SolutionProperties) = preSolution
		HideSolutionNode = FALSE
	EndGlobalSection
	GlobalSection(ExtensibilityGlobals) = postSolution
		SolutionGuid = {F3FC1119-0C6D-4A36-A120-5D35E8A40FEF}
	EndGlobalSection
EndGlobal
